
Microsoft Visual Studio Solution File, Format Version 12.00
# Visual Studio Version 16
VisualStudioVersion = 16.0.30711.63
MinimumVisualStudioVersion = 10.0.40219.1
Project("{FAE04EC0-301F-11D3-BF4B-00C04F79EFBC}") = "UltraMod", "UltraMod\UltraMod.csproj", "{F4533D37-4C9B-4499-B429-15D20EC6E639}"
EndProject
Project("{FAE04EC0-301F-11D3-BF4B-00C04F79EFBC}") = "UltraMod.Loader", "UltraMod.Loader\UltraMod.Loader.csproj", "{DDF3583F-8893-464A-858F-264F2A6A469A}"
EndProject
Project("{FAE04EC0-301F-11D3-BF4B-00C04F79EFBC}") = "UltraMod.Core", "UltraMod.Core\UltraMod.Core.csproj", "{1E1D1395-958D-4417-A5B2-B0D11BAB5377}"
EndProject
Global
	GlobalSection(SolutionConfigurationPlatforms) = preSolution
		Debug|Any CPU = Debug|Any CPU
		Release|Any CPU = Release|Any CPU
	EndGlobalSection
	GlobalSection(ProjectConfigurationPlatforms) = postSolution
		{F4533D37-4C9B-4499-B429-15D20EC6E639}.Debug|Any CPU.ActiveCfg = Debug|Any CPU
		{F4533D37-4C9B-4499-B429-15D20EC6E639}.Debug|Any CPU.Build.0 = Debug|Any CPU
		{F4533D37-4C9B-4499-B429-15D20EC6E639}.Release|Any CPU.ActiveCfg = Release|Any CPU
		{F4533D37-4C9B-4499-B429-15D20EC6E639}.Release|Any CPU.Build.0 = Release|Any CPU
		{DDF3583F-8893-464A-858F-264F2A6A469A}.Debug|Any CPU.ActiveCfg = Debug|Any CPU
		{DDF3583F-8893-464A-858F-264F2A6A469A}.Debug|Any CPU.Build.0 = Debug|Any CPU
		{DDF3583F-8893-464A-858F-264F2A6A469A}.Release|Any CPU.ActiveCfg = Release|Any CPU
		{DDF3583F-8893-464A-858F-264F2A6A469A}.Release|Any CPU.Build.0 = Release|Any CPU
		{1E1D1395-958D-4417-A5B2-B0D11BAB5377}.Debug|Any CPU.ActiveCfg = Debug|Any CPU
		{1E1D1395-958D-4417-A5B2-B0D11BAB5377}.Debug|Any CPU.Build.0 = Debug|Any CPU
		{1E1D1395-958D-4417-A5B2-B0D11BAB5377}.Release|Any CPU.ActiveCfg = Release|Any CPU
		{1E1D1395-958D-4417-A5B2-B0D11BAB5377}.Release|Any CPU.Build.0 = Release|Any CPU
	EndGlobalSection
	GlobalSection(SolutionProperties) = preSolution
		HideSolutionNode = FALSE
	EndGlobalSection
	GlobalSection(ExtensibilityGlobals) = postSolution
		SolutionGuid = {26395AF5-2066-4C97-B29B-9CE20A79FCC4}
	EndGlobalSection
EndGlobal
