
Microsoft Visual Studio Solution File, Format Version 12.00
# Visual Studio Version 16
VisualStudioVersion = 16.0.30711.63
MinimumVisualStudioVersion = 10.0.40219.1
Project("{FAE04EC0-301F-11D3-BF4B-00C04F79EFBC}") = "UltraMod", "UltraMod.csproj", "{479B8D4B-5159-42C1-BCFE-7B5D91DDB46D}"
EndProject
Global
	GlobalSection(SolutionConfigurationPlatforms) = preSolution
		Debug|Any CPU = Debug|Any CPU
		Release|Any CPU = Release|Any CPU
	EndGlobalSection
	GlobalSection(ProjectConfigurationPlatforms) = postSolution
		{479B8D4B-5159-42C1-BCFE-7B5D91DDB46D}.Debug|Any CPU.ActiveCfg = Debug|Any CPU
		{479B8D4B-5159-42C1-BCFE-7B5D91DDB46D}.Debug|Any CPU.Build.0 = Debug|Any CPU
		{479B8D4B-5159-42C1-BCFE-7B5D91DDB46D}.Release|Any CPU.ActiveCfg = Release|Any CPU
		{479B8D4B-5159-42C1-BCFE-7B5D91DDB46D}.Release|Any CPU.Build.0 = Release|Any CPU
	EndGlobalSection
	GlobalSection(SolutionProperties) = preSolution
		HideSolutionNode = FALSE
	EndGlobalSection
	GlobalSection(ExtensibilityGlobals) = postSolution
		SolutionGuid = {B386E184-5273-4226-9E44-74221C8F98A3}
	EndGlobalSection
EndGlobal
